
Microsoft Visual Studio Solution File, Format Version 12.00
# Visual Studio Version 17
VisualStudioVersion = 17.3.32929.385
MinimumVisualStudioVersion = 10.0.40219.1
Project("{FAE04EC0-301F-11D3-BF4B-00C04F79EFBC}") = "WebApplication9_Pizza_json", "WebApplication9_Pizza_json.csproj", "{49AAAA95-2AF8-4168-884A-50D5913FBDFD}"
EndProject
Global
	GlobalSection(SolutionConfigurationPlatforms) = preSolution
		Debug|Any CPU = Debug|Any CPU
		Release|Any CPU = Release|Any CPU
	EndGlobalSection
	GlobalSection(ProjectConfigurationPlatforms) = postSolution
		{49AAAA95-2AF8-4168-884A-50D5913FBDFD}.Debug|Any CPU.ActiveCfg = Debug|Any CPU
		{49AAAA95-2AF8-4168-884A-50D5913FBDFD}.Debug|Any CPU.Build.0 = Debug|Any CPU
		{49AAAA95-2AF8-4168-884A-50D5913FBDFD}.Release|Any CPU.ActiveCfg = Release|Any CPU
		{49AAAA95-2AF8-4168-884A-50D5913FBDFD}.Release|Any CPU.Build.0 = Release|Any CPU
	EndGlobalSection
	GlobalSection(SolutionProperties) = preSolution
		HideSolutionNode = FALSE
	EndGlobalSection
	GlobalSection(ExtensibilityGlobals) = postSolution
		SolutionGuid = {7B617211-8B17-4AF8-92E1-B881E0F53C0E}
	EndGlobalSection
EndGlobal
